
Microsoft Visual Studio Solution File, Format Version 12.00
# Visual Studio Version 17
VisualStudioVersion = 17.7.34024.191
MinimumVisualStudioVersion = 10.0.40219.1
Project("{FAE04EC0-301F-11D3-BF4B-00C04F79EFBC}") = "ADPD_dotNET_Project", "ADPD_dotNET_Project\ADPD_dotNET_Project.csproj", "{7F6134A2-C892-45D6-B2FC-56F6CD2BD99F}"
EndProject
Global
	GlobalSection(SolutionConfigurationPlatforms) = preSolution
		Debug|Any CPU = Debug|Any CPU
		Release|Any CPU = Release|Any CPU
	EndGlobalSection
	GlobalSection(ProjectConfigurationPlatforms) = postSolution
		{7F6134A2-C892-45D6-B2FC-56F6CD2BD99F}.Debug|Any CPU.ActiveCfg = Debug|Any CPU
		{7F6134A2-C892-45D6-B2FC-56F6CD2BD99F}.Debug|Any CPU.Build.0 = Debug|Any CPU
		{7F6134A2-C892-45D6-B2FC-56F6CD2BD99F}.Release|Any CPU.ActiveCfg = Release|Any CPU
		{7F6134A2-C892-45D6-B2FC-56F6CD2BD99F}.Release|Any CPU.Build.0 = Release|Any CPU
	EndGlobalSection
	GlobalSection(SolutionProperties) = preSolution
		HideSolutionNode = FALSE
	EndGlobalSection
	GlobalSection(ExtensibilityGlobals) = postSolution
		SolutionGuid = {400A1DA1-DA23-485D-9C00-2919AD66B6C1}
	EndGlobalSection
EndGlobal
